
Microsoft Visual Studio Solution File, Format Version 12.00
# Visual Studio Version 17
VisualStudioVersion = 17.4.33213.308
MinimumVisualStudioVersion = 10.0.40219.1
Project("{FAE04EC0-301F-11D3-BF4B-00C04F79EFBC}") = "pz_9", "pz_9.csproj", "{04B5CC9F-D006-4197-95B6-4EDB95FA9BFF}"
EndProject
Global
	GlobalSection(SolutionConfigurationPlatforms) = preSolution
		Debug|Any CPU = Debug|Any CPU
		Release|Any CPU = Release|Any CPU
	EndGlobalSection
	GlobalSection(ProjectConfigurationPlatforms) = postSolution
		{04B5CC9F-D006-4197-95B6-4EDB95FA9BFF}.Debug|Any CPU.ActiveCfg = Debug|Any CPU
		{04B5CC9F-D006-4197-95B6-4EDB95FA9BFF}.Debug|Any CPU.Build.0 = Debug|Any CPU
		{04B5CC9F-D006-4197-95B6-4EDB95FA9BFF}.Release|Any CPU.ActiveCfg = Release|Any CPU
		{04B5CC9F-D006-4197-95B6-4EDB95FA9BFF}.Release|Any CPU.Build.0 = Release|Any CPU
	EndGlobalSection
	GlobalSection(SolutionProperties) = preSolution
		HideSolutionNode = FALSE
	EndGlobalSection
	GlobalSection(ExtensibilityGlobals) = postSolution
		SolutionGuid = {496F31E9-755B-4337-BA65-D1A4BA61A1D9}
	EndGlobalSection
EndGlobal
