
Microsoft Visual Studio Solution File, Format Version 12.00
# Visual Studio Version 17
VisualStudioVersion = 17.3.32804.467
MinimumVisualStudioVersion = 10.0.40219.1
Project("{9A19103F-16F7-4668-BE54-9A1E7A4F7556}") = "pz_5", "pz_5\pz_5.csproj", "{EA200459-0EDA-4F7C-8871-DAB047C7A61B}"
EndProject
Project("{FAE04EC0-301F-11D3-BF4B-00C04F79EFBC}") = "pz_6", "pz_6\pz_6.csproj", "{83622246-6D59-40DB-A865-0EA490CFEB30}"
EndProject
Global
	GlobalSection(SolutionConfigurationPlatforms) = preSolution
		Debug|Any CPU = Debug|Any CPU
		Release|Any CPU = Release|Any CPU
	EndGlobalSection
	GlobalSection(ProjectConfigurationPlatforms) = postSolution
		{EA200459-0EDA-4F7C-8871-DAB047C7A61B}.Debug|Any CPU.ActiveCfg = Debug|Any CPU
		{EA200459-0EDA-4F7C-8871-DAB047C7A61B}.Debug|Any CPU.Build.0 = Debug|Any CPU
		{EA200459-0EDA-4F7C-8871-DAB047C7A61B}.Release|Any CPU.ActiveCfg = Release|Any CPU
		{EA200459-0EDA-4F7C-8871-DAB047C7A61B}.Release|Any CPU.Build.0 = Release|Any CPU
		{83622246-6D59-40DB-A865-0EA490CFEB30}.Debug|Any CPU.ActiveCfg = Debug|Any CPU
		{83622246-6D59-40DB-A865-0EA490CFEB30}.Debug|Any CPU.Build.0 = Debug|Any CPU
		{83622246-6D59-40DB-A865-0EA490CFEB30}.Release|Any CPU.ActiveCfg = Release|Any CPU
		{83622246-6D59-40DB-A865-0EA490CFEB30}.Release|Any CPU.Build.0 = Release|Any CPU
	EndGlobalSection
	GlobalSection(SolutionProperties) = preSolution
		HideSolutionNode = FALSE
	EndGlobalSection
	GlobalSection(ExtensibilityGlobals) = postSolution
		SolutionGuid = {41F86AC1-E9D7-410D-A4DB-6A73F3D9AB6C}
	EndGlobalSection
EndGlobal
